<?xml version="1.0" encoding="utf-8"?>
<Project ToolsVersion="4.0" xmlns="http://schemas.microsoft.com/developer/msbuild/2003">
  <ItemGroup>
    <Filter Include="Header Files">
      <UniqueIdentifier>{500497ec-2b32-4dd2-98d1-df1a2c3def66}</UniqueIdentifier>
    </Filter>
    <Filter Include="Source Files">
      <UniqueIdentifier>{c58a9182-a8c2-4aa6-a236-54589401a614}</UniqueIdentifier>
    </Filter>
  </ItemGroup>
  <ItemGroup>
    <ClCompile Include="src\engine\BaseApplication.cpp" />
    <ClCompile Include="src\engine\Renderer.cpp" />
    <ClCompile Include="src\engine\VertexBuffer.cpp" />
    <ClCompile Include="src\engine\IndexBuffer.cpp" />
    <ClCompile Include="src\engine\VertexArray.cpp" />
    <ClCompile Include="src\engine\VertexBufferLayout.cpp" />
    <ClCompile Include="src\engine\Shader.cpp" />
    <ClCompile Include="src\vendor\stb\stb_image.cpp" />
    <ClCompile Include="src\engine\Texture.cpp" />
    <ClCompile Include="src\vendor\imgui\imgui.cpp" />
    <ClCompile Include="src\vendor\imgui\imgui_demo.cpp" />
    <ClCompile Include="src\vendor\imgui\imgui_draw.cpp" />
    <ClCompile Include="src\vendor\imgui\imgui_impl_glfw.cpp" />
    <ClCompile Include="src\vendor\imgui\imgui_impl_opengl3.cpp" />
    <ClCompile Include="src\vendor\imgui\imgui_tables.cpp" />
    <ClCompile Include="src\vendor\imgui\imgui_widgets.cpp" />
    <ClCompile Include="src\main.cpp" />
    <ClCompile Include="src\World.cpp" />
    <ClCompile Include="src\cell\element\states\Gas.cpp" />
    <ClCompile Include="src\cell\element\states\Liquid.cpp" />
    <ClCompile Include="src\cell\element\states\MonoSolid.cpp" />
    <ClCompile Include="src\cell\element\states\_\Sand.cpp" />
    <ClCompile Include="src\cell\element\states\_\Water.cpp" />
    <ClCompile Include="src\cell\Cell.cpp" />
    <ClCompile Include="src\cell\void\Void.cpp" />
    <ClCompile Include="src\cell\element\Element.cpp" />
    <ClCompile Include="src\cell\bedrock\Bedrock.cpp" />
    <ClCompile Include="src\engine\Common.cpp" />
    <ClCompile Include="src\cell\element\states\MultiSolid.cpp" />
    <ClCompile Include="src\cell\element\states\_\Wood.cpp" />
    <ClCompile Include="src\cell\element\states\_\Fire.cpp" />
    <ClCompile Include="src\cell\element\states\_\Smoke.cpp" />
    <ClCompile Include="src\cell\element\states\_\Ember.cpp" />
    <ClCompile Include="src\cell\element\states\_\Steam.cpp" />
  </ItemGroup>
  <ItemGroup>
    <None Include="res\shaders\default.shader" />
  </ItemGroup>
  <ItemGroup>
    <ClInclude Include="src\engine\Renderer.h" />
    <ClInclude Include="src\engine\VertexBuffer.h" />
    <ClInclude Include="src\engine\IndexBuffer.h" />
    <ClInclude Include="src\engine\VertexArray.h" />
    <ClInclude Include="src\engine\VertexBufferLayout.h" />
    <ClInclude Include="src\engine\Shader.h" />
    <ClInclude Include="src\engine\Common.h" />
    <ClInclude Include="src\vendor\stb\stb_image.h" />
    <ClInclude Include="src\engine\Texture.h" />
    <ClInclude Include="src\vendor\imgui\imconfig.h" />
    <ClInclude Include="src\vendor\imgui\imgui.h" />
    <ClInclude Include="src\vendor\imgui\imgui_impl_glfw.h" />
    <ClInclude Include="src\vendor\imgui\imgui_impl_opengl3.h" />
    <ClInclude Include="src\vendor\imgui\imgui_internal.h" />
    <ClInclude Include="src\vendor\imgui\imstb_rectpack.h" />
    <ClInclude Include="src\vendor\imgui\imstb_textedit.h" />
    <ClInclude Include="src\vendor\imgui\imstb_truetype.h" />
    <ClInclude Include="src\vendor\imgui\imgui_impl_opengl3_loader.h" />
    <ClInclude Include="src\xorshift.h" />
    <ClInclude Include="src\engine\BaseApplication.h" />
    <ClInclude Include="src\World.h" />
    <ClInclude Include="src\cell\element\states\Gas.h" />
    <ClInclude Include="src\cell\element\states\Liquid.h" />
    <ClInclude Include="src\cell\element\states\MonoSolid.h" />
    <ClInclude Include="src\cell\element\states\_\Sand.h" />
    <ClInclude Include="src\cell\element\states\_\Water.h" />
    <ClInclude Include="src\cell\Cell.h" />
    <ClInclude Include="src\cell\void\Void.h" />
    <ClInclude Include="src\cell\element\Element.h" />
    <ClInclude Include="src\cell\bedrock\Bedrock.h" />
    <ClInclude Include="src\cell\element\states\MultiSolid.h" />
    <ClInclude Include="src\cell\element\states\_\Wood.h" />
    <ClInclude Include="src\cell\element\states\_\Fire.h" />
    <ClInclude Include="src\cell\element\states\_\Smoke.h" />
    <ClInclude Include="src\cell\element\states\_\Ember.h" />
    <ClInclude Include="src\cell\element\states\_\Steam.h" />
  </ItemGroup>
</Project>